
Microsoft Visual Studio Solution File, Format Version 12.00
# Visual Studio Version 16
VisualStudioVersion = 16.0.28803.452
MinimumVisualStudioVersion = 10.0.40219.1
Project("{9A19103F-16F7-4668-BE54-9A1E7A4F7556}") = "LibraryCorp", "LibraryCorp\LibraryCorp.csproj", "{BF14240D-D2FB-43BA-B546-4968986BF043}"
EndProject
Project("{2150E333-8FDC-42A3-9474-1A3956D46DE8}") = "REST", "REST", "{9A6AE045-FFA7-4918-952E-6B23B896C029}"
EndProject
Global
	GlobalSection(SolutionConfigurationPlatforms) = preSolution
		Debug|Any CPU = Debug|Any CPU
		Release|Any CPU = Release|Any CPU
	EndGlobalSection
	GlobalSection(ProjectConfigurationPlatforms) = postSolution
		{BF14240D-D2FB-43BA-B546-4968986BF043}.Debug|Any CPU.ActiveCfg = Debug|Any CPU
		{BF14240D-D2FB-43BA-B546-4968986BF043}.Debug|Any CPU.Build.0 = Debug|Any CPU
		{BF14240D-D2FB-43BA-B546-4968986BF043}.Release|Any CPU.ActiveCfg = Release|Any CPU
		{BF14240D-D2FB-43BA-B546-4968986BF043}.Release|Any CPU.Build.0 = Release|Any CPU
	EndGlobalSection
	GlobalSection(SolutionProperties) = preSolution
		HideSolutionNode = FALSE
	EndGlobalSection
	GlobalSection(ExtensibilityGlobals) = postSolution
		SolutionGuid = {C3CED96C-2A09-4949-87EA-C2E4398059AA}
	EndGlobalSection
EndGlobal
